
Microsoft Visual Studio Solution File, Format Version 12.00
# Visual Studio Version 16
VisualStudioVersion = 16.0.29009.5
MinimumVisualStudioVersion = 10.0.40219.1
Project("{9A19103F-16F7-4668-BE54-9A1E7A4F7556}") = "FinGoals-DotNet", "FinGoals-DotNet.csproj", "{49677BC0-1CAD-4BF9-8FA3-B5EF618571AD}"
EndProject
Global
	GlobalSection(SolutionConfigurationPlatforms) = preSolution
		Debug|Any CPU = Debug|Any CPU
		Release|Any CPU = Release|Any CPU
	EndGlobalSection
	GlobalSection(ProjectConfigurationPlatforms) = postSolution
		{49677BC0-1CAD-4BF9-8FA3-B5EF618571AD}.Debug|Any CPU.ActiveCfg = Debug|Any CPU
		{49677BC0-1CAD-4BF9-8FA3-B5EF618571AD}.Debug|Any CPU.Build.0 = Debug|Any CPU
		{49677BC0-1CAD-4BF9-8FA3-B5EF618571AD}.Release|Any CPU.ActiveCfg = Release|Any CPU
		{49677BC0-1CAD-4BF9-8FA3-B5EF618571AD}.Release|Any CPU.Build.0 = Release|Any CPU
	EndGlobalSection
	GlobalSection(SolutionProperties) = preSolution
		HideSolutionNode = FALSE
	EndGlobalSection
	GlobalSection(ExtensibilityGlobals) = postSolution
		SolutionGuid = {31ADDB65-07E2-435C-A328-6FDCA4257314}
	EndGlobalSection
EndGlobal
